
Microsoft Visual Studio Solution File, Format Version 12.00
# Visual Studio 15
VisualStudioVersion = 15.0.28010.2041
MinimumVisualStudioVersion = 10.0.40219.1
Project("{FAE04EC0-301F-11D3-BF4B-00C04F79EFBC}") = "DrinkingGame.Android", "DrinkingGame\DrinkingGame.Android\DrinkingGame.Android.csproj", "{089C884F-37F7-4704-B587-21D94103B1D9}"
EndProject
Project("{FAE04EC0-301F-11D3-BF4B-00C04F79EFBC}") = "DrinkingGame.iOS", "DrinkingGame\DrinkingGame.iOS\DrinkingGame.iOS.csproj", "{569943DC-B217-4D23-963C-2E537D26541C}"
EndProject
Project("{FAE04EC0-301F-11D3-BF4B-00C04F79EFBC}") = "DrinkingGame.UWP", "DrinkingGame\DrinkingGame.UWP\DrinkingGame.UWP.csproj", "{2C9C2B6D-6F5C-4183-AE9B-454FD6965F6A}"
EndProject
Project("{FAE04EC0-301F-11D3-BF4B-00C04F79EFBC}") = "DrinkingGame", "DrinkingGame\DrinkingGame\DrinkingGame.csproj", "{3FCC19C1-5FCF-4EF1-BC74-06E98378D99D}"
EndProject
Global
	GlobalSection(SolutionConfigurationPlatforms) = preSolution
		Ad-Hoc|Any CPU = Ad-Hoc|Any CPU
		Ad-Hoc|ARM = Ad-Hoc|ARM
		Ad-Hoc|iPhone = Ad-Hoc|iPhone
		Ad-Hoc|iPhoneSimulator = Ad-Hoc|iPhoneSimulator
		Ad-Hoc|x64 = Ad-Hoc|x64
		Ad-Hoc|x86 = Ad-Hoc|x86
		AppStore|Any CPU = AppStore|Any CPU
		AppStore|ARM = AppStore|ARM
		AppStore|iPhone = AppStore|iPhone
		AppStore|iPhoneSimulator = AppStore|iPhoneSimulator
		AppStore|x64 = AppStore|x64
		AppStore|x86 = AppStore|x86
		Debug|Any CPU = Debug|Any CPU
		Debug|ARM = Debug|ARM
		Debug|iPhone = Debug|iPhone
		Debug|iPhoneSimulator = Debug|iPhoneSimulator
		Debug|x64 = Debug|x64
		Debug|x86 = Debug|x86
		Release|Any CPU = Release|Any CPU
		Release|ARM = Release|ARM
		Release|iPhone = Release|iPhone
		Release|iPhoneSimulator = Release|iPhoneSimulator
		Release|x64 = Release|x64
		Release|x86 = Release|x86
	EndGlobalSection
	GlobalSection(ProjectConfigurationPlatforms) = postSolution
		{089C884F-37F7-4704-B587-21D94103B1D9}.Ad-Hoc|Any CPU.ActiveCfg = Release|Any CPU
		{089C884F-37F7-4704-B587-21D94103B1D9}.Ad-Hoc|Any CPU.Build.0 = Release|Any CPU
		{089C884F-37F7-4704-B587-21D94103B1D9}.Ad-Hoc|Any CPU.Deploy.0 = Release|Any CPU
		{089C884F-37F7-4704-B587-21D94103B1D9}.Ad-Hoc|ARM.ActiveCfg = Release|Any CPU
		{089C884F-37F7-4704-B587-21D94103B1D9}.Ad-Hoc|ARM.Build.0 = Release|Any CPU
		{089C884F-37F7-4704-B587-21D94103B1D9}.Ad-Hoc|ARM.Deploy.0 = Release|Any CPU
		{089C884F-37F7-4704-B587-21D94103B1D9}.Ad-Hoc|iPhone.ActiveCfg = Release|Any CPU
		{089C884F-37F7-4704-B587-21D94103B1D9}.Ad-Hoc|iPhone.Build.0 = Release|Any CPU
		{089C884F-37F7-4704-B587-21D94103B1D9}.Ad-Hoc|iPhone.Deploy.0 = Release|Any CPU
		{089C884F-37F7-4704-B587-21D94103B1D9}.Ad-Hoc|iPhoneSimulator.ActiveCfg = Release|Any CPU
		{089C884F-37F7-4704-B587-21D94103B1D9}.Ad-Hoc|iPhoneSimulator.Build.0 = Release|Any CPU
		{089C884F-37F7-4704-B587-21D94103B1D9}.Ad-Hoc|iPhoneSimulator.Deploy.0 = Release|Any CPU
		{089C884F-37F7-4704-B587-21D94103B1D9}.Ad-Hoc|x64.ActiveCfg = Release|Any CPU
		{089C884F-37F7-4704-B587-21D94103B1D9}.Ad-Hoc|x64.Build.0 = Release|Any CPU
		{089C884F-37F7-4704-B587-21D94103B1D9}.Ad-Hoc|x64.Deploy.0 = Release|Any CPU
		{089C884F-37F7-4704-B587-21D94103B1D9}.Ad-Hoc|x86.ActiveCfg = Release|Any CPU
		{089C884F-37F7-4704-B587-21D94103B1D9}.Ad-Hoc|x86.Build.0 = Release|Any CPU
		{089C884F-37F7-4704-B587-21D94103B1D9}.Ad-Hoc|x86.Deploy.0 = Release|Any CPU
		{089C884F-37F7-4704-B587-21D94103B1D9}.AppStore|Any CPU.ActiveCfg = Release|Any CPU
		{089C884F-37F7-4704-B587-21D94103B1D9}.AppStore|Any CPU.Build.0 = Release|Any CPU
		{089C884F-37F7-4704-B587-21D94103B1D9}.AppStore|Any CPU.Deploy.0 = Release|Any CPU
		{089C884F-37F7-4704-B587-21D94103B1D9}.AppStore|ARM.ActiveCfg = Release|Any CPU
		{089C884F-37F7-4704-B587-21D94103B1D9}.AppStore|ARM.Build.0 = Release|Any CPU
		{089C884F-37F7-4704-B587-21D94103B1D9}.AppStore|ARM.Deploy.0 = Release|Any CPU
		{089C884F-37F7-4704-B587-21D94103B1D9}.AppStore|iPhone.ActiveCfg = Release|Any CPU
		{089C884F-37F7-4704-B587-21D94103B1D9}.AppStore|iPhone.Build.0 = Release|Any CPU
		{089C884F-37F7-4704-B587-21D94103B1D9}.AppStore|iPhone.Deploy.0 = Release|Any CPU
		{089C884F-37F7-4704-B587-21D94103B1D9}.AppStore|iPhoneSimulator.ActiveCfg = Release|Any CPU
		{089C884F-37F7-4704-B587-21D94103B1D9}.AppStore|iPhoneSimulator.Build.0 = Release|Any CPU
		{089C884F-37F7-4704-B587-21D94103B1D9}.AppStore|iPhoneSimulator.Deploy.0 = Release|Any CPU
		{089C884F-37F7-4704-B587-21D94103B1D9}.AppStore|x64.ActiveCfg = Release|Any CPU
		{089C884F-37F7-4704-B587-21D94103B1D9}.AppStore|x64.Build.0 = Release|Any CPU
		{089C884F-37F7-4704-B587-21D94103B1D9}.AppStore|x64.Deploy.0 = Release|Any CPU
		{089C884F-37F7-4704-B587-21D94103B1D9}.AppStore|x86.ActiveCfg = Release|Any CPU
		{089C884F-37F7-4704-B587-21D94103B1D9}.AppStore|x86.Build.0 = Release|Any CPU
		{089C884F-37F7-4704-B587-21D94103B1D9}.AppStore|x86.Deploy.0 = Release|Any CPU
		{089C884F-37F7-4704-B587-21D94103B1D9}.Debug|Any CPU.ActiveCfg = Debug|Any CPU
		{089C884F-37F7-4704-B587-21D94103B1D9}.Debug|Any CPU.Build.0 = Debug|Any CPU
		{089C884F-37F7-4704-B587-21D94103B1D9}.Debug|Any CPU.Deploy.0 = Debug|Any CPU
		{089C884F-37F7-4704-B587-21D94103B1D9}.Debug|ARM.ActiveCfg = Debug|Any CPU
		{089C884F-37F7-4704-B587-21D94103B1D9}.Debug|ARM.Build.0 = Debug|Any CPU
		{089C884F-37F7-4704-B587-21D94103B1D9}.Debug|ARM.Deploy.0 = Debug|Any CPU
		{089C884F-37F7-4704-B587-21D94103B1D9}.Debug|iPhone.ActiveCfg = Debug|Any CPU
		{089C884F-37F7-4704-B587-21D94103B1D9}.Debug|iPhone.Build.0 = Debug|Any CPU
		{089C884F-37F7-4704-B587-21D94103B1D9}.Debug|iPhone.Deploy.0 = Debug|Any CPU
		{089C884F-37F7-4704-B587-21D94103B1D9}.Debug|iPhoneSimulator.ActiveCfg = Debug|Any CPU
		{089C884F-37F7-4704-B587-21D94103B1D9}.Debug|iPhoneSimulator.Build.0 = Debug|Any CPU
		{089C884F-37F7-4704-B587-21D94103B1D9}.Debug|iPhoneSimulator.Deploy.0 = Debug|Any CPU
		{089C884F-37F7-4704-B587-21D94103B1D9}.Debug|x64.ActiveCfg = Debug|Any CPU
		{089C884F-37F7-4704-B587-21D94103B1D9}.Debug|x64.Build.0 = Debug|Any CPU
		{089C884F-37F7-4704-B587-21D94103B1D9}.Debug|x64.Deploy.0 = Debug|Any CPU
		{089C884F-37F7-4704-B587-21D94103B1D9}.Debug|x86.ActiveCfg = Debug|Any CPU
		{089C884F-37F7-4704-B587-21D94103B1D9}.Debug|x86.Build.0 = Debug|Any CPU
		{089C884F-37F7-4704-B587-21D94103B1D9}.Debug|x86.Deploy.0 = Debug|Any CPU
		{089C884F-37F7-4704-B587-21D94103B1D9}.Release|Any CPU.ActiveCfg = Release|Any CPU
		{089C884F-37F7-4704-B587-21D94103B1D9}.Release|Any CPU.Build.0 = Release|Any CPU
		{089C884F-37F7-4704-B587-21D94103B1D9}.Release|Any CPU.Deploy.0 = Release|Any CPU
		{089C884F-37F7-4704-B587-21D94103B1D9}.Release|ARM.ActiveCfg = Release|Any CPU
		{089C884F-37F7-4704-B587-21D94103B1D9}.Release|ARM.Build.0 = Release|Any CPU
		{089C884F-37F7-4704-B587-21D94103B1D9}.Release|ARM.Deploy.0 = Release|Any CPU
		{089C884F-37F7-4704-B587-21D94103B1D9}.Release|iPhone.ActiveCfg = Release|Any CPU
		{089C884F-37F7-4704-B587-21D94103B1D9}.Release|iPhone.Build.0 = Release|Any CPU
		{089C884F-37F7-4704-B587-21D94103B1D9}.Release|iPhone.Deploy.0 = Release|Any CPU
		{089C884F-37F7-4704-B587-21D94103B1D9}.Release|iPhoneSimulator.ActiveCfg = Release|Any CPU
		{089C884F-37F7-4704-B587-21D94103B1D9}.Release|iPhoneSimulator.Build.0 = Release|Any CPU
		{089C884F-37F7-4704-B587-21D94103B1D9}.Release|iPhoneSimulator.Deploy.0 = Release|Any CPU
		{089C884F-37F7-4704-B587-21D94103B1D9}.Release|x64.ActiveCfg = Release|Any CPU
		{089C884F-37F7-4704-B587-21D94103B1D9}.Release|x64.Build.0 = Release|Any CPU
		{089C884F-37F7-4704-B587-21D94103B1D9}.Release|x64.Deploy.0 = Release|Any CPU
		{089C884F-37F7-4704-B587-21D94103B1D9}.Release|x86.ActiveCfg = Release|Any CPU
		{089C884F-37F7-4704-B587-21D94103B1D9}.Release|x86.Build.0 = Release|Any CPU
		{089C884F-37F7-4704-B587-21D94103B1D9}.Release|x86.Deploy.0 = Release|Any CPU
		{569943DC-B217-4D23-963C-2E537D26541C}.Ad-Hoc|Any CPU.ActiveCfg = Ad-Hoc|iPhone
		{569943DC-B217-4D23-963C-2E537D26541C}.Ad-Hoc|Any CPU.Build.0 = Ad-Hoc|iPhone
		{569943DC-B217-4D23-963C-2E537D26541C}.Ad-Hoc|Any CPU.Deploy.0 = Ad-Hoc|iPhone
		{569943DC-B217-4D23-963C-2E537D26541C}.Ad-Hoc|ARM.ActiveCfg = Ad-Hoc|iPhone
		{569943DC-B217-4D23-963C-2E537D26541C}.Ad-Hoc|ARM.Build.0 = Ad-Hoc|iPhone
		{569943DC-B217-4D23-963C-2E537D26541C}.Ad-Hoc|ARM.Deploy.0 = Ad-Hoc|iPhone
		{569943DC-B217-4D23-963C-2E537D26541C}.Ad-Hoc|iPhone.ActiveCfg = Ad-Hoc|iPhone
		{569943DC-B217-4D23-963C-2E537D26541C}.Ad-Hoc|iPhone.Build.0 = Ad-Hoc|iPhone
		{569943DC-B217-4D23-963C-2E537D26541C}.Ad-Hoc|iPhone.Deploy.0 = Ad-Hoc|iPhone
		{569943DC-B217-4D23-963C-2E537D26541C}.Ad-Hoc|iPhoneSimulator.ActiveCfg = Ad-Hoc|iPhoneSimulator
		{569943DC-B217-4D23-963C-2E537D26541C}.Ad-Hoc|iPhoneSimulator.Build.0 = Ad-Hoc|iPhoneSimulator
		{569943DC-B217-4D23-963C-2E537D26541C}.Ad-Hoc|iPhoneSimulator.Deploy.0 = Ad-Hoc|iPhoneSimulator
		{569943DC-B217-4D23-963C-2E537D26541C}.Ad-Hoc|x64.ActiveCfg = Ad-Hoc|iPhone
		{569943DC-B217-4D23-963C-2E537D26541C}.Ad-Hoc|x64.Build.0 = Ad-Hoc|iPhone
		{569943DC-B217-4D23-963C-2E537D26541C}.Ad-Hoc|x64.Deploy.0 = Ad-Hoc|iPhone
		{569943DC-B217-4D23-963C-2E537D26541C}.Ad-Hoc|x86.ActiveCfg = Ad-Hoc|iPhone
		{569943DC-B217-4D23-963C-2E537D26541C}.Ad-Hoc|x86.Build.0 = Ad-Hoc|iPhone
		{569943DC-B217-4D23-963C-2E537D26541C}.Ad-Hoc|x86.Deploy.0 = Ad-Hoc|iPhone
		{569943DC-B217-4D23-963C-2E537D26541C}.AppStore|Any CPU.ActiveCfg = AppStore|iPhone
		{569943DC-B217-4D23-963C-2E537D26541C}.AppStore|Any CPU.Build.0 = AppStore|iPhone
		{569943DC-B217-4D23-963C-2E537D26541C}.AppStore|Any CPU.Deploy.0 = AppStore|iPhone
		{569943DC-B217-4D23-963C-2E537D26541C}.AppStore|ARM.ActiveCfg = AppStore|iPhone
		{569943DC-B217-4D23-963C-2E537D26541C}.AppStore|ARM.Build.0 = AppStore|iPhone
		{569943DC-B217-4D23-963C-2E537D26541C}.AppStore|ARM.Deploy.0 = AppStore|iPhone
		{569943DC-B217-4D23-963C-2E537D26541C}.AppStore|iPhone.ActiveCfg = AppStore|iPhone
		{569943DC-B217-4D23-963C-2E537D26541C}.AppStore|iPhone.Build.0 = AppStore|iPhone
		{569943DC-B217-4D23-963C-2E537D26541C}.AppStore|iPhone.Deploy.0 = AppStore|iPhone
		{569943DC-B217-4D23-963C-2E537D26541C}.AppStore|iPhoneSimulator.ActiveCfg = AppStore|iPhoneSimulator
		{569943DC-B217-4D23-963C-2E537D26541C}.AppStore|iPhoneSimulator.Build.0 = AppStore|iPhoneSimulator
		{569943DC-B217-4D23-963C-2E537D26541C}.AppStore|iPhoneSimulator.Deploy.0 = AppStore|iPhoneSimulator
		{569943DC-B217-4D23-963C-2E537D26541C}.AppStore|x64.ActiveCfg = AppStore|iPhone
		{569943DC-B217-4D23-963C-2E537D26541C}.AppStore|x64.Build.0 = AppStore|iPhone
		{569943DC-B217-4D23-963C-2E537D26541C}.AppStore|x64.Deploy.0 = AppStore|iPhone
		{569943DC-B217-4D23-963C-2E537D26541C}.AppStore|x86.ActiveCfg = AppStore|iPhone
		{569943DC-B217-4D23-963C-2E537D26541C}.AppStore|x86.Build.0 = AppStore|iPhone
		{569943DC-B217-4D23-963C-2E537D26541C}.AppStore|x86.Deploy.0 = AppStore|iPhone
		{569943DC-B217-4D23-963C-2E537D26541C}.Debug|Any CPU.ActiveCfg = Debug|iPhoneSimulator
		{569943DC-B217-4D23-963C-2E537D26541C}.Debug|Any CPU.Build.0 = Debug|iPhoneSimulator
		{569943DC-B217-4D23-963C-2E537D26541C}.Debug|Any CPU.Deploy.0 = Debug|iPhoneSimulator
		{569943DC-B217-4D23-963C-2E537D26541C}.Debug|ARM.ActiveCfg = Debug|iPhone
		{569943DC-B217-4D23-963C-2E537D26541C}.Debug|ARM.Build.0 = Debug|iPhone
		{569943DC-B217-4D23-963C-2E537D26541C}.Debug|ARM.Deploy.0 = Debug|iPhone
		{569943DC-B217-4D23-963C-2E537D26541C}.Debug|iPhone.ActiveCfg = Debug|iPhone
		{569943DC-B217-4D23-963C-2E537D26541C}.Debug|iPhone.Build.0 = Debug|iPhone
		{569943DC-B217-4D23-963C-2E537D26541C}.Debug|iPhone.Deploy.0 = Debug|iPhone
		{569943DC-B217-4D23-963C-2E537D26541C}.Debug|iPhoneSimulator.ActiveCfg = Debug|iPhoneSimulator
		{569943DC-B217-4D23-963C-2E537D26541C}.Debug|iPhoneSimulator.Build.0 = Debug|iPhoneSimulator
		{569943DC-B217-4D23-963C-2E537D26541C}.Debug|iPhoneSimulator.Deploy.0 = Debug|iPhoneSimulator
		{569943DC-B217-4D23-963C-2E537D26541C}.Debug|x64.ActiveCfg = Debug|iPhone
		{569943DC-B217-4D23-963C-2E537D26541C}.Debug|x64.Build.0 = Debug|iPhone
		{569943DC-B217-4D23-963C-2E537D26541C}.Debug|x64.Deploy.0 = Debug|iPhone
		{569943DC-B217-4D23-963C-2E537D26541C}.Debug|x86.ActiveCfg = Debug|iPhone
		{569943DC-B217-4D23-963C-2E537D26541C}.Debug|x86.Build.0 = Debug|iPhone
		{569943DC-B217-4D23-963C-2E537D26541C}.Debug|x86.Deploy.0 = Debug|iPhone
		{569943DC-B217-4D23-963C-2E537D26541C}.Release|Any CPU.ActiveCfg = Release|iPhone
		{569943DC-B217-4D23-963C-2E537D26541C}.Release|Any CPU.Build.0 = Release|iPhone
		{569943DC-B217-4D23-963C-2E537D26541C}.Release|Any CPU.Deploy.0 = Release|iPhone
		{569943DC-B217-4D23-963C-2E537D26541C}.Release|ARM.ActiveCfg = Release|iPhone
		{569943DC-B217-4D23-963C-2E537D26541C}.Release|ARM.Build.0 = Release|iPhone
		{569943DC-B217-4D23-963C-2E537D26541C}.Release|ARM.Deploy.0 = Release|iPhone
		{569943DC-B217-4D23-963C-2E537D26541C}.Release|iPhone.ActiveCfg = Release|iPhone
		{569943DC-B217-4D23-963C-2E537D26541C}.Release|iPhone.Build.0 = Release|iPhone
		{569943DC-B217-4D23-963C-2E537D26541C}.Release|iPhone.Deploy.0 = Release|iPhone
		{569943DC-B217-4D23-963C-2E537D26541C}.Release|iPhoneSimulator.ActiveCfg = Release|iPhoneSimulator
		{569943DC-B217-4D23-963C-2E537D26541C}.Release|iPhoneSimulator.Build.0 = Release|iPhoneSimulator
		{569943DC-B217-4D23-963C-2E537D26541C}.Release|iPhoneSimulator.Deploy.0 = Release|iPhoneSimulator
		{569943DC-B217-4D23-963C-2E537D26541C}.Release|x64.ActiveCfg = Release|iPhone
		{569943DC-B217-4D23-963C-2E537D26541C}.Release|x64.Build.0 = Release|iPhone
		{569943DC-B217-4D23-963C-2E537D26541C}.Release|x64.Deploy.0 = Release|iPhone
		{569943DC-B217-4D23-963C-2E537D26541C}.Release|x86.ActiveCfg = Release|iPhone
		{569943DC-B217-4D23-963C-2E537D26541C}.Release|x86.Build.0 = Release|iPhone
		{569943DC-B217-4D23-963C-2E537D26541C}.Release|x86.Deploy.0 = Release|iPhone
		{2C9C2B6D-6F5C-4183-AE9B-454FD6965F6A}.Ad-Hoc|Any CPU.ActiveCfg = Release|x86
		{2C9C2B6D-6F5C-4183-AE9B-454FD6965F6A}.Ad-Hoc|Any CPU.Build.0 = Release|x86
		{2C9C2B6D-6F5C-4183-AE9B-454FD6965F6A}.Ad-Hoc|Any CPU.Deploy.0 = Release|x86
		{2C9C2B6D-6F5C-4183-AE9B-454FD6965F6A}.Ad-Hoc|ARM.ActiveCfg = Release|ARM
		{2C9C2B6D-6F5C-4183-AE9B-454FD6965F6A}.Ad-Hoc|ARM.Build.0 = Release|ARM
		{2C9C2B6D-6F5C-4183-AE9B-454FD6965F6A}.Ad-Hoc|ARM.Deploy.0 = Release|ARM
		{2C9C2B6D-6F5C-4183-AE9B-454FD6965F6A}.Ad-Hoc|iPhone.ActiveCfg = Release|x86
		{2C9C2B6D-6F5C-4183-AE9B-454FD6965F6A}.Ad-Hoc|iPhone.Build.0 = Release|x86
		{2C9C2B6D-6F5C-4183-AE9B-454FD6965F6A}.Ad-Hoc|iPhone.Deploy.0 = Release|x86
		{2C9C2B6D-6F5C-4183-AE9B-454FD6965F6A}.Ad-Hoc|iPhoneSimulator.ActiveCfg = Release|x86
		{2C9C2B6D-6F5C-4183-AE9B-454FD6965F6A}.Ad-Hoc|iPhoneSimulator.Build.0 = Release|x86
		{2C9C2B6D-6F5C-4183-AE9B-454FD6965F6A}.Ad-Hoc|iPhoneSimulator.Deploy.0 = Release|x86
		{2C9C2B6D-6F5C-4183-AE9B-454FD6965F6A}.Ad-Hoc|x64.ActiveCfg = Release|x64
		{2C9C2B6D-6F5C-4183-AE9B-454FD6965F6A}.Ad-Hoc|x64.Build.0 = Release|x64
		{2C9C2B6D-6F5C-4183-AE9B-454FD6965F6A}.Ad-Hoc|x64.Deploy.0 = Release|x64
		{2C9C2B6D-6F5C-4183-AE9B-454FD6965F6A}.Ad-Hoc|x86.ActiveCfg = Release|x86
		{2C9C2B6D-6F5C-4183-AE9B-454FD6965F6A}.Ad-Hoc|x86.Build.0 = Release|x86
		{2C9C2B6D-6F5C-4183-AE9B-454FD6965F6A}.Ad-Hoc|x86.Deploy.0 = Release|x86
		{2C9C2B6D-6F5C-4183-AE9B-454FD6965F6A}.AppStore|Any CPU.ActiveCfg = Release|x86
		{2C9C2B6D-6F5C-4183-AE9B-454FD6965F6A}.AppStore|Any CPU.Build.0 = Release|x86
		{2C9C2B6D-6F5C-4183-AE9B-454FD6965F6A}.AppStore|Any CPU.Deploy.0 = Release|x86
		{2C9C2B6D-6F5C-4183-AE9B-454FD6965F6A}.AppStore|ARM.ActiveCfg = Release|ARM
		{2C9C2B6D-6F5C-4183-AE9B-454FD6965F6A}.AppStore|ARM.Build.0 = Release|ARM
		{2C9C2B6D-6F5C-4183-AE9B-454FD6965F6A}.AppStore|ARM.Deploy.0 = Release|ARM
		{2C9C2B6D-6F5C-4183-AE9B-454FD6965F6A}.AppStore|iPhone.ActiveCfg = Release|x86
		{2C9C2B6D-6F5C-4183-AE9B-454FD6965F6A}.AppStore|iPhone.Build.0 = Release|x86
		{2C9C2B6D-6F5C-4183-AE9B-454FD6965F6A}.AppStore|iPhone.Deploy.0 = Release|x86
		{2C9C2B6D-6F5C-4183-AE9B-454FD6965F6A}.AppStore|iPhoneSimulator.ActiveCfg = Release|x86
		{2C9C2B6D-6F5C-4183-AE9B-454FD6965F6A}.AppStore|iPhoneSimulator.Build.0 = Release|x86
		{2C9C2B6D-6F5C-4183-AE9B-454FD6965F6A}.AppStore|iPhoneSimulator.Deploy.0 = Release|x86
		{2C9C2B6D-6F5C-4183-AE9B-454FD6965F6A}.AppStore|x64.ActiveCfg = Release|x64
		{2C9C2B6D-6F5C-4183-AE9B-454FD6965F6A}.AppStore|x64.Build.0 = Release|x64
		{2C9C2B6D-6F5C-4183-AE9B-454FD6965F6A}.AppStore|x64.Deploy.0 = Release|x64
		{2C9C2B6D-6F5C-4183-AE9B-454FD6965F6A}.AppStore|x86.ActiveCfg = Release|x86
		{2C9C2B6D-6F5C-4183-AE9B-454FD6965F6A}.AppStore|x86.Build.0 = Release|x86
		{2C9C2B6D-6F5C-4183-AE9B-454FD6965F6A}.AppStore|x86.Deploy.0 = Release|x86
		{2C9C2B6D-6F5C-4183-AE9B-454FD6965F6A}.Debug|Any CPU.ActiveCfg = Debug|x86
		{2C9C2B6D-6F5C-4183-AE9B-454FD6965F6A}.Debug|Any CPU.Build.0 = Debug|x86
		{2C9C2B6D-6F5C-4183-AE9B-454FD6965F6A}.Debug|Any CPU.Deploy.0 = Debug|x86
		{2C9C2B6D-6F5C-4183-AE9B-454FD6965F6A}.Debug|ARM.ActiveCfg = Debug|ARM
		{2C9C2B6D-6F5C-4183-AE9B-454FD6965F6A}.Debug|ARM.Build.0 = Debug|ARM
		{2C9C2B6D-6F5C-4183-AE9B-454FD6965F6A}.Debug|ARM.Deploy.0 = Debug|ARM
		{2C9C2B6D-6F5C-4183-AE9B-454FD6965F6A}.Debug|iPhone.ActiveCfg = Debug|x86
		{2C9C2B6D-6F5C-4183-AE9B-454FD6965F6A}.Debug|iPhone.Build.0 = Debug|x86
		{2C9C2B6D-6F5C-4183-AE9B-454FD6965F6A}.Debug|iPhone.Deploy.0 = Debug|x86
		{2C9C2B6D-6F5C-4183-AE9B-454FD6965F6A}.Debug|iPhoneSimulator.ActiveCfg = Debug|x86
		{2C9C2B6D-6F5C-4183-AE9B-454FD6965F6A}.Debug|iPhoneSimulator.Build.0 = Debug|x86
		{2C9C2B6D-6F5C-4183-AE9B-454FD6965F6A}.Debug|iPhoneSimulator.Deploy.0 = Debug|x86
		{2C9C2B6D-6F5C-4183-AE9B-454FD6965F6A}.Debug|x64.ActiveCfg = Debug|x64
		{2C9C2B6D-6F5C-4183-AE9B-454FD6965F6A}.Debug|x64.Build.0 = Debug|x64
		{2C9C2B6D-6F5C-4183-AE9B-454FD6965F6A}.Debug|x64.Deploy.0 = Debug|x64
		{2C9C2B6D-6F5C-4183-AE9B-454FD6965F6A}.Debug|x86.ActiveCfg = Debug|x86
		{2C9C2B6D-6F5C-4183-AE9B-454FD6965F6A}.Debug|x86.Build.0 = Debug|x86
		{2C9C2B6D-6F5C-4183-AE9B-454FD6965F6A}.Debug|x86.Deploy.0 = Debug|x86
		{2C9C2B6D-6F5C-4183-AE9B-454FD6965F6A}.Release|Any CPU.ActiveCfg = Release|x86
		{2C9C2B6D-6F5C-4183-AE9B-454FD6965F6A}.Release|Any CPU.Build.0 = Release|x86
		{2C9C2B6D-6F5C-4183-AE9B-454FD6965F6A}.Release|Any CPU.Deploy.0 = Release|x86
		{2C9C2B6D-6F5C-4183-AE9B-454FD6965F6A}.Release|ARM.ActiveCfg = Release|ARM
		{2C9C2B6D-6F5C-4183-AE9B-454FD6965F6A}.Release|ARM.Build.0 = Release|ARM
		{2C9C2B6D-6F5C-4183-AE9B-454FD6965F6A}.Release|ARM.Deploy.0 = Release|ARM
		{2C9C2B6D-6F5C-4183-AE9B-454FD6965F6A}.Release|iPhone.ActiveCfg = Release|x86
		{2C9C2B6D-6F5C-4183-AE9B-454FD6965F6A}.Release|iPhone.Build.0 = Release|x86
		{2C9C2B6D-6F5C-4183-AE9B-454FD6965F6A}.Release|iPhone.Deploy.0 = Release|x86
		{2C9C2B6D-6F5C-4183-AE9B-454FD6965F6A}.Release|iPhoneSimulator.ActiveCfg = Release|x86
		{2C9C2B6D-6F5C-4183-AE9B-454FD6965F6A}.Release|iPhoneSimulator.Build.0 = Release|x86
		{2C9C2B6D-6F5C-4183-AE9B-454FD6965F6A}.Release|iPhoneSimulator.Deploy.0 = Release|x86
		{2C9C2B6D-6F5C-4183-AE9B-454FD6965F6A}.Release|x64.ActiveCfg = Release|x64
		{2C9C2B6D-6F5C-4183-AE9B-454FD6965F6A}.Release|x64.Build.0 = Release|x64
		{2C9C2B6D-6F5C-4183-AE9B-454FD6965F6A}.Release|x64.Deploy.0 = Release|x64
		{2C9C2B6D-6F5C-4183-AE9B-454FD6965F6A}.Release|x86.ActiveCfg = Release|x86
		{2C9C2B6D-6F5C-4183-AE9B-454FD6965F6A}.Release|x86.Build.0 = Release|x86
		{2C9C2B6D-6F5C-4183-AE9B-454FD6965F6A}.Release|x86.Deploy.0 = Release|x86
		{3FCC19C1-5FCF-4EF1-BC74-06E98378D99D}.Ad-Hoc|Any CPU.ActiveCfg = Debug|Any CPU
		{3FCC19C1-5FCF-4EF1-BC74-06E98378D99D}.Ad-Hoc|Any CPU.Build.0 = Debug|Any CPU
		{3FCC19C1-5FCF-4EF1-BC74-06E98378D99D}.Ad-Hoc|Any CPU.Deploy.0 = Debug|Any CPU
		{3FCC19C1-5FCF-4EF1-BC74-06E98378D99D}.Ad-Hoc|ARM.ActiveCfg = Debug|Any CPU
		{3FCC19C1-5FCF-4EF1-BC74-06E98378D99D}.Ad-Hoc|ARM.Build.0 = Debug|Any CPU
		{3FCC19C1-5FCF-4EF1-BC74-06E98378D99D}.Ad-Hoc|ARM.Deploy.0 = Debug|Any CPU
		{3FCC19C1-5FCF-4EF1-BC74-06E98378D99D}.Ad-Hoc|iPhone.ActiveCfg = Debug|Any CPU
		{3FCC19C1-5FCF-4EF1-BC74-06E98378D99D}.Ad-Hoc|iPhone.Build.0 = Debug|Any CPU
		{3FCC19C1-5FCF-4EF1-BC74-06E98378D99D}.Ad-Hoc|iPhone.Deploy.0 = Debug|Any CPU
		{3FCC19C1-5FCF-4EF1-BC74-06E98378D99D}.Ad-Hoc|iPhoneSimulator.ActiveCfg = Debug|Any CPU
		{3FCC19C1-5FCF-4EF1-BC74-06E98378D99D}.Ad-Hoc|iPhoneSimulator.Build.0 = Debug|Any CPU
		{3FCC19C1-5FCF-4EF1-BC74-06E98378D99D}.Ad-Hoc|iPhoneSimulator.Deploy.0 = Debug|Any CPU
		{3FCC19C1-5FCF-4EF1-BC74-06E98378D99D}.Ad-Hoc|x64.ActiveCfg = Debug|Any CPU
		{3FCC19C1-5FCF-4EF1-BC74-06E98378D99D}.Ad-Hoc|x64.Build.0 = Debug|Any CPU
		{3FCC19C1-5FCF-4EF1-BC74-06E98378D99D}.Ad-Hoc|x64.Deploy.0 = Debug|Any CPU
		{3FCC19C1-5FCF-4EF1-BC74-06E98378D99D}.Ad-Hoc|x86.ActiveCfg = Debug|Any CPU
		{3FCC19C1-5FCF-4EF1-BC74-06E98378D99D}.Ad-Hoc|x86.Build.0 = Debug|Any CPU
		{3FCC19C1-5FCF-4EF1-BC74-06E98378D99D}.Ad-Hoc|x86.Deploy.0 = Debug|Any CPU
		{3FCC19C1-5FCF-4EF1-BC74-06E98378D99D}.AppStore|Any CPU.ActiveCfg = Debug|Any CPU
		{3FCC19C1-5FCF-4EF1-BC74-06E98378D99D}.AppStore|Any CPU.Build.0 = Debug|Any CPU
		{3FCC19C1-5FCF-4EF1-BC74-06E98378D99D}.AppStore|Any CPU.Deploy.0 = Debug|Any CPU
		{3FCC19C1-5FCF-4EF1-BC74-06E98378D99D}.AppStore|ARM.ActiveCfg = Debug|Any CPU
		{3FCC19C1-5FCF-4EF1-BC74-06E98378D99D}.AppStore|ARM.Build.0 = Debug|Any CPU
		{3FCC19C1-5FCF-4EF1-BC74-06E98378D99D}.AppStore|ARM.Deploy.0 = Debug|Any CPU
		{3FCC19C1-5FCF-4EF1-BC74-06E98378D99D}.AppStore|iPhone.ActiveCfg = Debug|Any CPU
		{3FCC19C1-5FCF-4EF1-BC74-06E98378D99D}.AppStore|iPhone.Build.0 = Debug|Any CPU
		{3FCC19C1-5FCF-4EF1-BC74-06E98378D99D}.AppStore|iPhone.Deploy.0 = Debug|Any CPU
		{3FCC19C1-5FCF-4EF1-BC74-06E98378D99D}.AppStore|iPhoneSimulator.ActiveCfg = Debug|Any CPU
		{3FCC19C1-5FCF-4EF1-BC74-06E98378D99D}.AppStore|iPhoneSimulator.Build.0 = Debug|Any CPU
		{3FCC19C1-5FCF-4EF1-BC74-06E98378D99D}.AppStore|iPhoneSimulator.Deploy.0 = Debug|Any CPU
		{3FCC19C1-5FCF-4EF1-BC74-06E98378D99D}.AppStore|x64.ActiveCfg = Debug|Any CPU
		{3FCC19C1-5FCF-4EF1-BC74-06E98378D99D}.AppStore|x64.Build.0 = Debug|Any CPU
		{3FCC19C1-5FCF-4EF1-BC74-06E98378D99D}.AppStore|x64.Deploy.0 = Debug|Any CPU
		{3FCC19C1-5FCF-4EF1-BC74-06E98378D99D}.AppStore|x86.ActiveCfg = Debug|Any CPU
		{3FCC19C1-5FCF-4EF1-BC74-06E98378D99D}.AppStore|x86.Build.0 = Debug|Any CPU
		{3FCC19C1-5FCF-4EF1-BC74-06E98378D99D}.AppStore|x86.Deploy.0 = Debug|Any CPU
		{3FCC19C1-5FCF-4EF1-BC74-06E98378D99D}.Debug|Any CPU.ActiveCfg = Debug|Any CPU
		{3FCC19C1-5FCF-4EF1-BC74-06E98378D99D}.Debug|Any CPU.Build.0 = Debug|Any CPU
		{3FCC19C1-5FCF-4EF1-BC74-06E98378D99D}.Debug|Any CPU.Deploy.0 = Debug|Any CPU
		{3FCC19C1-5FCF-4EF1-BC74-06E98378D99D}.Debug|ARM.ActiveCfg = Debug|Any CPU
		{3FCC19C1-5FCF-4EF1-BC74-06E98378D99D}.Debug|ARM.Build.0 = Debug|Any CPU
		{3FCC19C1-5FCF-4EF1-BC74-06E98378D99D}.Debug|ARM.Deploy.0 = Debug|Any CPU
		{3FCC19C1-5FCF-4EF1-BC74-06E98378D99D}.Debug|iPhone.ActiveCfg = Debug|Any CPU
		{3FCC19C1-5FCF-4EF1-BC74-06E98378D99D}.Debug|iPhone.Build.0 = Debug|Any CPU
		{3FCC19C1-5FCF-4EF1-BC74-06E98378D99D}.Debug|iPhone.Deploy.0 = Debug|Any CPU
		{3FCC19C1-5FCF-4EF1-BC74-06E98378D99D}.Debug|iPhoneSimulator.ActiveCfg = Debug|Any CPU
		{3FCC19C1-5FCF-4EF1-BC74-06E98378D99D}.Debug|iPhoneSimulator.Build.0 = Debug|Any CPU
		{3FCC19C1-5FCF-4EF1-BC74-06E98378D99D}.Debug|iPhoneSimulator.Deploy.0 = Debug|Any CPU
		{3FCC19C1-5FCF-4EF1-BC74-06E98378D99D}.Debug|x64.ActiveCfg = Debug|Any CPU
		{3FCC19C1-5FCF-4EF1-BC74-06E98378D99D}.Debug|x64.Build.0 = Debug|Any CPU
		{3FCC19C1-5FCF-4EF1-BC74-06E98378D99D}.Debug|x64.Deploy.0 = Debug|Any CPU
		{3FCC19C1-5FCF-4EF1-BC74-06E98378D99D}.Debug|x86.ActiveCfg = Debug|Any CPU
		{3FCC19C1-5FCF-4EF1-BC74-06E98378D99D}.Debug|x86.Build.0 = Debug|Any CPU
		{3FCC19C1-5FCF-4EF1-BC74-06E98378D99D}.Debug|x86.Deploy.0 = Debug|Any CPU
		{3FCC19C1-5FCF-4EF1-BC74-06E98378D99D}.Release|Any CPU.ActiveCfg = Release|Any CPU
		{3FCC19C1-5FCF-4EF1-BC74-06E98378D99D}.Release|Any CPU.Build.0 = Release|Any CPU
		{3FCC19C1-5FCF-4EF1-BC74-06E98378D99D}.Release|Any CPU.Deploy.0 = Release|Any CPU
		{3FCC19C1-5FCF-4EF1-BC74-06E98378D99D}.Release|ARM.ActiveCfg = Release|Any CPU
		{3FCC19C1-5FCF-4EF1-BC74-06E98378D99D}.Release|ARM.Build.0 = Release|Any CPU
		{3FCC19C1-5FCF-4EF1-BC74-06E98378D99D}.Release|ARM.Deploy.0 = Release|Any CPU
		{3FCC19C1-5FCF-4EF1-BC74-06E98378D99D}.Release|iPhone.ActiveCfg = Release|Any CPU
		{3FCC19C1-5FCF-4EF1-BC74-06E98378D99D}.Release|iPhone.Build.0 = Release|Any CPU
		{3FCC19C1-5FCF-4EF1-BC74-06E98378D99D}.Release|iPhone.Deploy.0 = Release|Any CPU
		{3FCC19C1-5FCF-4EF1-BC74-06E98378D99D}.Release|iPhoneSimulator.ActiveCfg = Release|Any CPU
		{3FCC19C1-5FCF-4EF1-BC74-06E98378D99D}.Release|iPhoneSimulator.Build.0 = Release|Any CPU
		{3FCC19C1-5FCF-4EF1-BC74-06E98378D99D}.Release|iPhoneSimulator.Deploy.0 = Release|Any CPU
		{3FCC19C1-5FCF-4EF1-BC74-06E98378D99D}.Release|x64.ActiveCfg = Release|Any CPU
		{3FCC19C1-5FCF-4EF1-BC74-06E98378D99D}.Release|x64.Build.0 = Release|Any CPU
		{3FCC19C1-5FCF-4EF1-BC74-06E98378D99D}.Release|x64.Deploy.0 = Release|Any CPU
		{3FCC19C1-5FCF-4EF1-BC74-06E98378D99D}.Release|x86.ActiveCfg = Release|Any CPU
		{3FCC19C1-5FCF-4EF1-BC74-06E98378D99D}.Release|x86.Build.0 = Release|Any CPU
		{3FCC19C1-5FCF-4EF1-BC74-06E98378D99D}.Release|x86.Deploy.0 = Release|Any CPU
	EndGlobalSection
	GlobalSection(SolutionProperties) = preSolution
		HideSolutionNode = FALSE
	EndGlobalSection
	GlobalSection(ExtensibilityGlobals) = postSolution
		SolutionGuid = {EFBEBE5D-A2A5-47A9-9364-C110B657BC81}
	EndGlobalSection
EndGlobal
